{
  "requires": true,
  "lockfileVersion": 1,
  "dependencies": {
    "oracledb": {
      "version": "5.2.0",
      "resolved": "https://registry.npmjs.org/oracledb/-/oracledb-5.2.0.tgz",
      "integrity": "sha512-gHOWTM6ILKOGVH3Z+11Cnpls8XWW7sZUoBrbQWvspYOGpkvJ+TKRr1OdVS21EyeAtfMzXePDrSvG/Mlp/fxOVA=="
    }
  }
}

